// !$*UTF8*$!
{
	archiveVersion = 1;
	classes = {
	};
	objectVersion = 50;
	objects = {

/* Begin PBXBuildFile section */
		4F37142F20856D2100C8712D /* AppDelegate.m in Sources */ = {isa = PBXBuildFile; fileRef = 4F37142E20856D2100C8712D /* AppDelegate.m */; };
		4F37143220856D2100C8712D /* ViewController.m in Sources */ = {isa = PBXBuildFile; fileRef = 4F37143120856D2100C8712D /* ViewController.m */; };
		4F37143520856D2100C8712D /* Main.storyboard in Resources */ = {isa = PBXBuildFile; fileRef = 4F37143320856D2100C8712D /* Main.storyboard */; };
		4F37143720856D2200C8712D /* Assets.xcassets in Resources */ = {isa = PBXBuildFile; fileRef = 4F37143620856D2200C8712D /* Assets.xcassets */; };
		4F37143A20856D2200C8712D /* LaunchScreen.storyboard in Resources */ = {isa = PBXBuildFile; fileRef = 4F37143820856D2200C8712D /* LaunchScreen.storyboard */; };
		4F37143D20856D2200C8712D /* main.m in Sources */ = {isa = PBXBuildFile; fileRef = 4F37143C20856D2200C8712D /* main.m */; };
/* End PBXBuildFile section */

/* Begin PBXFileReference section */
		4F37142A20856D2100C8712D /* montrealmobileapp.app */ = {isa = PBXFileReference; explicitFileType = wrapper.application; includeInIndex = 0; path = montrealmobileapp.app; sourceTree = BUILT_PRODUCTS_DIR; };
		4F37142D20856D2100C8712D /* AppDelegate.h */ = {isa = PBXFileReference; lastKnownFileType = sourcecode.c.h; path = AppDelegate.h; sourceTree = "<group>"; };
		4F37142E20856D2100C8712D /* AppDelegate.m */ = {isa = PBXFileReference; lastKnownFileType = sourcecode.c.objc; path = AppDelegate.m; sourceTree = "<group>"; };
		4F37143020856D2100C8712D /* ViewController.h */ = {isa = PBXFileReference; lastKnownFileType = sourcecode.c.h; path = ViewController.h; sourceTree = "<group>"; };
		4F37143120856D2100C8712D /* ViewController.m */ = {isa = PBXFileReference; lastKnownFileType = sourcecode.c.objc; path = ViewController.m; sourceTree = "<group>"; };
		4F37143420856D2100C8712D /* Base */ = {isa = PBXFileReference; lastKnownFileType = file.storyboard; name = Base; path = Base.lproj/Main.storyboard; sourceTree = "<group>"; };
		4F37143620856D2200C8712D /* Assets.xcassets */ = {isa = PBXFileReference; lastKnownFileType = folder.assetcatalog; path = Assets.xcassets; sourceTree = "<group>"; };
		4F37143920856D2200C8712D /* Base */ = {isa = PBXFileReference; lastKnownFileType = file.storyboard; name = Base; path = Base.lproj/LaunchScreen.storyboard; sourceTree = "<group>"; };
		4F37143B20856D2200C8712D /* Info.plist */ = {isa = PBXFileReference; lastKnownFileType = text.plist.xml; path = Info.plist; sourceTree = "<group>"; };
		4F37143C20856D2200C8712D /* main.m */ = {isa = PBXFileReference; lastKnownFileType = sourcecode.c.objc; path = main.m; sourceTree = "<group>"; };
/* End PBXFileReference section */

/* Begin PBXFrameworksBuildPhase section */
		4F37142720856D2100C8712D /* Frameworks */ = {
			isa = PBXFrameworksBuildPhase;
			buildActionMask = 2147483647;
			files = (
			);
			runOnlyForDeploymentPostprocessing = 0;
		};
/* End PBXFrameworksBuildPhase section */

/* Begin PBXGroup section */
		4F37142120856D2100C8712D = {
			isa = PBXGroup;
			children = (
				4F37142C20856D2100C8712D /* montrealmobileapp */,
				4F37142B20856D2100C8712D /* Products */,
			);
			sourceTree = "<group>";
		};
		4F37142B20856D2100C8712D /* Products */ = {
			isa = PBXGroup;
			children = (
				4F37142A20856D2100C8712D /* montrealmobileapp.app */,
			);
			name = Products;
			sourceTree = "<group>";
		};
		4F37142C20856D2100C8712D /* montrealmobileapp */ = {
			isa = PBXGroup;
			children = (
				4F37142D20856D2100C8712D /* AppDelegate.h */,
				4F37142E20856D2100C8712D /* AppDelegate.m */,
				4F37143020856D2100C8712D /* ViewController.h */,
				4F37143120856D2100C8712D /* ViewController.m */,
				4F37143320856D2100C8712D /* Main.storyboard */,
				4F37143620856D2200C8712D /* Assets.xcassets */,
				4F37143820856D2200C8712D /* LaunchScreen.storyboard */,
				4F37143B20856D2200C8712D /* Info.plist */,
				4F37143C20856D2200C8712D /* main.m */,
			);
			path = montrealmobileapp;
			sourceTree = "<group>";
		};
/* End PBXGroup section */

/* Begin PBXNativeTarget section */
		4F37142920856D2100C8712D /* montrealmobileapp */ = {
			isa = PBXNativeTarget;
			buildConfigurationList = 4F37144020856D2200C8712D /* Build configuration list for PBXNativeTarget "montrealmobileapp" */;
			buildPhases = (
				4F37142620856D2100C8712D /* Sources */,
				4F37142720856D2100C8712D /* Frameworks */,
				4F37142820856D2100C8712D /* Resources */,
			);
			buildRules = (
			);
			dependencies = (
			);
			name = montrealmobileapp;
			productName = montrealmobileapp;
			productReference = 4F37142A20856D2100C8712D /* montrealmobileapp.app */;
			productType = "com.apple.product-type.application";
		};
/* End PBXNativeTarget section */

/* Begin PBXProject section */
		4F37142220856D2100C8712D /* Project object */ = {
			isa = PBXProject;
			attributes = {
				LastUpgradeCheck = 0930;
				ORGANIZATIONNAME = "Louis-Simon Poulin";
				TargetAttributes = {
					4F37142920856D2100C8712D = {
						CreatedOnToolsVersion = 9.3;
					};
				};
			};
			buildConfigurationList = 4F37142520856D2100C8712D /* Build configuration list for PBXProject "montrealmobileapp" */;
			compatibilityVersion = "Xcode 9.3";
			developmentRegion = en;
			hasScannedForEncodings = 0;
			knownRegions = (
				en,
				Base,
			);
			mainGroup = 4F37142120856D2100C8712D;
			productRefGroup = 4F37142B20856D2100C8712D /* Products */;
			projectDirPath = "";
			projectRoot = "";
			targets = (
				4F37142920856D2100C8712D /* montrealmobileapp */,
			);
		};
/* End PBXProject section */

/* Begin PBXResourcesBuildPhase section */
		4F37142820856D2100C8712D /* Resources */ = {
			isa = PBXResourcesBuildPhase;
			buildActionMask = 2147483647;
			files = (
				4F37143A20856D2200C8712D /* LaunchScreen.storyboard in Resources */,
				4F37143720856D2200C8712D /* Assets.xcassets in Resources */,
				4F37143520856D2100C8712D /* Main.storyboard in Resources */,
			);
			runOnlyForDeploymentPostprocessing = 0;
		};
/* End PBXResourcesBuildPhase section */

/* Begin PBXSourcesBuildPhase section */
		4F37142620856D2100C8712D /* Sources */ = {
			isa = PBXSourcesBuildPhase;
			buildActionMask = 2147483647;
			files = (
				4F37143220856D2100C8712D /* ViewController.m in Sources */,
				4F37143D20856D2200C8712D /* main.m in Sources */,
				4F37142F20856D2100C8712D /* AppDelegate.m in Sources */,
			);
			runOnlyForDeploymentPostprocessing = 0;
		};
/* End PBXSourcesBuildPhase section */

/* Begin PBXVariantGroup section */
		4F37143320856D2100C8712D /* Main.storyboard */ = {
			isa = PBXVariantGroup;
			children = (
				4F37143420856D2100C8712D /* Base */,
			);
			name = Main.storyboard;
			sourceTree = "<group>";
		};
		4F37143820856D2200C8712D /* LaunchScreen.storyboard */ = {
			isa = PBXVariantGroup;
			children = (
				4F37143920856D2200C8712D /* Base */,
			);
			name = LaunchScreen.storyboard;
			sourceTree = "<group>";
		};
/* End PBXVariantGroup section */

/* Begin XCBuildConfiguration section */
		4F37143E20856D2200C8712D /* Debug */ = {
			isa = XCBuildConfiguration;
			buildSettings = {
				ALWAYS_SEARCH_USER_PATHS = NO;
				CLANG_ANALYZER_NONNULL = YES;
				CLANG_ANALYZER_NUMBER_OBJECT_CONVERSION = YES_AGGRESSIVE;
				CLANG_CXX_LANGUAGE_STANDARD = "gnu++14";
				CLANG_CXX_LIBRARY = "libc++";
				CLANG_ENABLE_MODULES = YES;
				CLANG_ENABLE_OBJC_ARC = YES;
				CLANG_ENABLE_OBJC_WEAK = YES;
				CLANG_WARN_BLOCK_CAPTURE_AUTORELEASING = YES;
				CLANG_WARN_BOOL_CONVERSION = YES;
				CLANG_WARN_COMMA = YES;
				CLANG_WARN_CONSTANT_CONVERSION = YES;
				CLANG_WARN_DEPRECATED_OBJC_IMPLEMENTATIONS = YES;
				CLANG_WARN_DIRECT_OBJC_ISA_USAGE = YES_ERROR;
				CLANG_WARN_DOCUMENTATION_COMMENTS = YES;
				CLANG_WARN_EMPTY_BODY = YES;
				CLANG_WARN_ENUM_CONVERSION = YES;
				CLANG_WARN_INFINITE_RECURSION = YES;
				CLANG_WARN_INT_CONVERSION = YES;
				CLANG_WARN_NON_LITERAL_NULL_CONVERSION = YES;
				CLANG_WARN_OBJC_IMPLICIT_RETAIN_SELF = YES;
				CLANG_WARN_OBJC_LITERAL_CONVERSION = YES;
				CLANG_WARN_OBJC_ROOT_CLASS = YES_ERROR;
				CLANG_WARN_RANGE_LOOP_ANALYSIS = YES;
				CLANG_WARN_STRICT_PROTOTYPES = YES;
				CLANG_WARN_SUSPICIOUS_MOVE = YES;
				CLANG_WARN_UNGUARDED_AVAILABILITY = YES_AGGRESSIVE;
				CLANG_WARN_UNREACHABLE_CODE = YES;
				CLANG_WARN__DUPLICATE_METHOD_MATCH = YES;
				CODE_SIGN_IDENTITY = "iPhone Developer";
				COPY_PHASE_STRIP = NO;
				DEBUG_INFORMATION_FORMAT = dwarf;
				ENABLE_STRICT_OBJC_MSGSEND = YES;
				ENABLE_TESTABILITY = YES;
				GCC_C_LANGUAGE_STANDARD = gnu11;
				GCC_DYNAMIC_NO_PIC = NO;
				GCC_NO_COMMON_BLOCKS = YES;
				GCC_OPTIMIZATION_LEVEL = 0;
				GCC_PREPROCESSOR_DEFINITIONS = (
					"DEBUG=1",
					"$(inherited)",
				);
				GCC_WARN_64_TO_32_BIT_CONVERSION = YES;
				GCC_WARN_ABOUT_RETURN_TYPE = YES_ERROR;
				GCC_WARN_UNDECLARED_SELECTOR = YES;
				GCC_WARN_UNINITIALIZED_AUTOS = YES_AGGRESSIVE;
				GCC_WARN_UNUSED_FUNCTION = YES;
				GCC_WARN_UNUSED_VARIABLE = YES;
				IPHONEOS_DEPLOYMENT_TARGET = 11.3;
				MTL_ENABLE_DEBUG_INFO = YES;
				ONLY_ACTIVE_ARCH = YES;
				SDKROOT = iphoneos;
			};
			name = Debug;
		};
		4F37143F20856D2200C8712D /* Release */ = {
			isa = XCBuildConfiguration;
			buildSettings = {
				ALWAYS_SEARCH_USER_PATHS = NO;
				CLANG_ANALYZER_NONNULL = YES;
				CLANG_ANALYZER_NUMBER_OBJECT_CONVERSION = YES_AGGRESSIVE;
				CLANG_CXX_LANGUAGE_STANDARD = "gnu++14";
				CLANG_CXX_LIBRARY = "libc++";
				CLANG_ENABLE_MODULES = YES;
				CLANG_ENABLE_OBJC_ARC = YES;
				CLANG_ENABLE_OBJC_WEAK = YES;
				CLANG_WARN_BLOCK_CAPTURE_AUTORELEASING = YES;
				CLANG_WARN_BOOL_CONVERSION = YES;
				CLANG_WARN_COMMA = YES;
				CLANG_WARN_CONSTANT_CONVERSION = YES;
				CLANG_WARN_DEPRECATED_OBJC_IMPLEMENTATIONS = YES;
				CLANG_WARN_DIRECT_OBJC_ISA_USAGE = YES_ERROR;
				CLANG_WARN_DOCUMENTATION_COMMENTS = YES;
				CLANG_WARN_EMPTY_BODY = YES;
				CLANG_WARN_ENUM_CONVERSION = YES;
				CLANG_WARN_INFINITE_RECURSION = YES;
				CLANG_WARN_INT_CONVERSION = YES;
				CLANG_WARN_NON_LITERAL_NULL_CONVERSION = YES;
				CLANG_WARN_OBJC_IMPLICIT_RETAIN_SELF = YES;
				CLANG_WARN_OBJC_LITERAL_CONVERSION = YES;
				CLANG_WARN_OBJC_ROOT_CLASS = YES_ERROR;
				CLANG_WARN_RANGE_LOOP_ANALYSIS = YES;
				CLANG_WARN_STRICT_PROTOTYPES = YES;
				CLANG_WARN_SUSPICIOUS_MOVE = YES;
				CLANG_WARN_UNGUARDED_AVAILABILITY = YES_AGGRESSIVE;
				CLANG_WARN_UNREACHABLE_CODE = YES;
				CLANG_WARN__DUPLICATE_METHOD_MATCH = YES;
				CODE_SIGN_IDENTITY = "iPhone Developer";
				COPY_PHASE_STRIP = NO;
				DEBUG_INFORMATION_FORMAT = "dwarf-with-dsym";
				ENABLE_NS_ASSERTIONS = NO;
				ENABLE_STRICT_OBJC_MSGSEND = YES;
				GCC_C_LANGUAGE_STANDARD = gnu11;
				GCC_NO_COMMON_BLOCKS = YES;
				GCC_WARN_64_TO_32_BIT_CONVERSION = YES;
				GCC_WARN_ABOUT_RETURN_TYPE = YES_ERROR;
				GCC_WARN_UNDECLARED_SELECTOR = YES;
				GCC_WARN_UNINITIALIZED_AUTOS = YES_AGGRESSIVE;
				GCC_WARN_UNUSED_FUNCTION = YES;
				GCC_WARN_UNUSED_VARIABLE = YES;
				IPHONEOS_DEPLOYMENT_TARGET = 11.3;
				MTL_ENABLE_DEBUG_INFO = NO;
				SDKROOT = iphoneos;
				VALIDATE_PRODUCT = YES;
			};
			name = Release;
		};
		4F37144120856D2200C8712D /* Debug */ = {
			isa = XCBuildConfiguration;
			buildSettings = {
				ASSETCATALOG_COMPILER_APPICON_NAME = AppIcon;
				CODE_SIGN_STYLE = Automatic;
				DEVELOPMENT_TEAM = 5V2CQ8ZSEH;
				INFOPLIST_FILE = montrealmobileapp/Info.plist;
				LD_RUNPATH_SEARCH_PATHS = (
					"$(inherited)",
					"@executable_path/Frameworks",
				);
				PRODUCT_BUNDLE_IDENTIFIER = ca.qc.collegeahuntsic.montrealmobileapp;
				PRODUCT_NAME = "$(TARGET_NAME)";
				TARGETED_DEVICE_FAMILY = "1,2";
			};
			name = Debug;
		};
		4F37144220856D2200C8712D /* Release */ = {
			isa = XCBuildConfiguration;
			buildSettings = {
				ASSETCATALOG_COMPILER_APPICON_NAME = AppIcon;
				CODE_SIGN_STYLE = Automatic;
				DEVELOPMENT_TEAM = 5V2CQ8ZSEH;
				INFOPLIST_FILE = montrealmobileapp/Info.plist;
				LD_RUNPATH_SEARCH_PATHS = (
					"$(inherited)",
					"@executable_path/Frameworks",
				);
				PRODUCT_BUNDLE_IDENTIFIER = ca.qc.collegeahuntsic.montrealmobileapp;
				PRODUCT_NAME = "$(TARGET_NAME)";
				TARGETED_DEVICE_FAMILY = "1,2";
			};
			name = Release;
		};
/* End XCBuildConfiguration section */

/* Begin XCConfigurationList section */
		4F37142520856D2100C8712D /* Build configuration list for PBXProject "montrealmobileapp" */ = {
			isa = XCConfigurationList;
			buildConfigurations = (
				4F37143E20856D2200C8712D /* Debug */,
				4F37143F20856D2200C8712D /* Release */,
			);
			defaultConfigurationIsVisible = 0;
			defaultConfigurationName = Release;
		};
		4F37144020856D2200C8712D /* Build configuration list for PBXNativeTarget "montrealmobileapp" */ = {
			isa = XCConfigurationList;
			buildConfigurations = (
				4F37144120856D2200C8712D /* Debug */,
				4F37144220856D2200C8712D /* Release */,
			);
			defaultConfigurationIsVisible = 0;
			defaultConfigurationName = Release;
		};
/* End XCConfigurationList section */
	};
	rootObject = 4F37142220856D2100C8712D /* Project object */;
}
